// !$*UTF8*$!
{
	archiveVersion = 1;
	classes = {
	};
	objectVersion = 50;
	objects = {

/* Begin PBXBuildFile section */
		3070FCBC24AB226100A29DE7 /* SideBarView.swift in Sources */ = {isa = PBXBuildFile; fileRef = 3070FCBB24AB226100A29DE7 /* SideBarView.swift */; };
		3070FCBD24AB226100A29DE7 /* SideBarView.swift in Sources */ = {isa = PBXBuildFile; fileRef = 3070FCBB24AB226100A29DE7 /* SideBarView.swift */; };
		30A088EB24AB129000315264 /* Tests_iOS.swift in Sources */ = {isa = PBXBuildFile; fileRef = 30A088EA24AB129000315264 /* Tests_iOS.swift */; };
		30A088F624AB129000315264 /* Tests_macOS.swift in Sources */ = {isa = PBXBuildFile; fileRef = 30A088F524AB129000315264 /* Tests_macOS.swift */; };
		30A088F824AB129000315264 /* iOS14App.swift in Sources */ = {isa = PBXBuildFile; fileRef = 30A088CF24AB128E00315264 /* iOS14App.swift */; };
		30A088F924AB129000315264 /* iOS14App.swift in Sources */ = {isa = PBXBuildFile; fileRef = 30A088CF24AB128E00315264 /* iOS14App.swift */; };
		30A088FA24AB129000315264 /* ContentView.swift in Sources */ = {isa = PBXBuildFile; fileRef = 30A088D024AB128E00315264 /* ContentView.swift */; };
		30A088FB24AB129000315264 /* ContentView.swift in Sources */ = {isa = PBXBuildFile; fileRef = 30A088D024AB128E00315264 /* ContentView.swift */; };
		30A088FC24AB129000315264 /* Assets.xcassets in Resources */ = {isa = PBXBuildFile; fileRef = 30A088D124AB128F00315264 /* Assets.xcassets */; };
		30A088FD24AB129000315264 /* Assets.xcassets in Resources */ = {isa = PBXBuildFile; fileRef = 30A088D124AB128F00315264 /* Assets.xcassets */; };
		30C6614024AB828E00D0030F /* SealList.swift in Sources */ = {isa = PBXBuildFile; fileRef = 30C6613F24AB828E00D0030F /* SealList.swift */; };
		30C6614124AB828E00D0030F /* SealList.swift in Sources */ = {isa = PBXBuildFile; fileRef = 30C6613F24AB828E00D0030F /* SealList.swift */; };
		30C6614324AC146E00D0030F /* SealGrid.swift in Sources */ = {isa = PBXBuildFile; fileRef = 30C6614224AC146E00D0030F /* SealGrid.swift */; };
		30C6614424AC146E00D0030F /* SealGrid.swift in Sources */ = {isa = PBXBuildFile; fileRef = 30C6614224AC146E00D0030F /* SealGrid.swift */; };
		30C6614624AC609900D0030F /* WWDCOutlineList.swift in Sources */ = {isa = PBXBuildFile; fileRef = 30C6614524AC609900D0030F /* WWDCOutlineList.swift */; };
		30C6614724AC609900D0030F /* WWDCOutlineList.swift in Sources */ = {isa = PBXBuildFile; fileRef = 30C6614524AC609900D0030F /* WWDCOutlineList.swift */; };
/* End PBXBuildFile section */

/* Begin PBXContainerItemProxy section */
		30A088E724AB129000315264 /* PBXContainerItemProxy */ = {
			isa = PBXContainerItemProxy;
			containerPortal = 30A088CA24AB128E00315264 /* Project object */;
			proxyType = 1;
			remoteGlobalIDString = 30A088D524AB129000315264;
			remoteInfo = iOS;
		};
		30A088F224AB129000315264 /* PBXContainerItemProxy */ = {
			isa = PBXContainerItemProxy;
			containerPortal = 30A088CA24AB128E00315264 /* Project object */;
			proxyType = 1;
			remoteGlobalIDString = 30A088DD24AB129000315264;
			remoteInfo = macOS;
		};
/* End PBXContainerItemProxy section */

/* Begin PBXFileReference section */
		3070FCBB24AB226100A29DE7 /* SideBarView.swift */ = {isa = PBXFileReference; lastKnownFileType = sourcecode.swift; path = SideBarView.swift; sourceTree = "<group>"; };
		30A088CF24AB128E00315264 /* iOS14App.swift */ = {isa = PBXFileReference; lastKnownFileType = sourcecode.swift; path = iOS14App.swift; sourceTree = "<group>"; };
		30A088D024AB128E00315264 /* ContentView.swift */ = {isa = PBXFileReference; lastKnownFileType = sourcecode.swift; path = ContentView.swift; sourceTree = "<group>"; };
		30A088D124AB128F00315264 /* Assets.xcassets */ = {isa = PBXFileReference; lastKnownFileType = folder.assetcatalog; path = Assets.xcassets; sourceTree = "<group>"; };
		30A088D624AB129000315264 /* iOS14.app */ = {isa = PBXFileReference; explicitFileType = wrapper.application; includeInIndex = 0; path = iOS14.app; sourceTree = BUILT_PRODUCTS_DIR; };
		30A088D924AB129000315264 /* Info.plist */ = {isa = PBXFileReference; lastKnownFileType = text.plist.xml; path = Info.plist; sourceTree = "<group>"; };
		30A088DE24AB129000315264 /* iOS14.app */ = {isa = PBXFileReference; explicitFileType = wrapper.application; includeInIndex = 0; path = iOS14.app; sourceTree = BUILT_PRODUCTS_DIR; };
		30A088E024AB129000315264 /* Info.plist */ = {isa = PBXFileReference; lastKnownFileType = text.plist.xml; path = Info.plist; sourceTree = "<group>"; };
		30A088E124AB129000315264 /* macOS.entitlements */ = {isa = PBXFileReference; lastKnownFileType = text.plist.entitlements; path = macOS.entitlements; sourceTree = "<group>"; };
		30A088E624AB129000315264 /* Tests iOS.xctest */ = {isa = PBXFileReference; explicitFileType = wrapper.cfbundle; includeInIndex = 0; path = "Tests iOS.xctest"; sourceTree = BUILT_PRODUCTS_DIR; };
		30A088EA24AB129000315264 /* Tests_iOS.swift */ = {isa = PBXFileReference; lastKnownFileType = sourcecode.swift; path = Tests_iOS.swift; sourceTree = "<group>"; };
		30A088EC24AB129000315264 /* Info.plist */ = {isa = PBXFileReference; lastKnownFileType = text.plist.xml; path = Info.plist; sourceTree = "<group>"; };
		30A088F124AB129000315264 /* Tests macOS.xctest */ = {isa = PBXFileReference; explicitFileType = wrapper.cfbundle; includeInIndex = 0; path = "Tests macOS.xctest"; sourceTree = BUILT_PRODUCTS_DIR; };
		30A088F524AB129000315264 /* Tests_macOS.swift */ = {isa = PBXFileReference; lastKnownFileType = sourcecode.swift; path = Tests_macOS.swift; sourceTree = "<group>"; };
		30A088F724AB129000315264 /* Info.plist */ = {isa = PBXFileReference; lastKnownFileType = text.plist.xml; path = Info.plist; sourceTree = "<group>"; };
		30C6613F24AB828E00D0030F /* SealList.swift */ = {isa = PBXFileReference; lastKnownFileType = sourcecode.swift; path = SealList.swift; sourceTree = "<group>"; };
		30C6614224AC146E00D0030F /* SealGrid.swift */ = {isa = PBXFileReference; lastKnownFileType = sourcecode.swift; path = SealGrid.swift; sourceTree = "<group>"; };
		30C6614524AC609900D0030F /* WWDCOutlineList.swift */ = {isa = PBXFileReference; lastKnownFileType = sourcecode.swift; path = WWDCOutlineList.swift; sourceTree = "<group>"; };
/* End PBXFileReference section */

/* Begin PBXFrameworksBuildPhase section */
		30A088D324AB129000315264 /* Frameworks */ = {
			isa = PBXFrameworksBuildPhase;
			buildActionMask = 2147483647;
			files = (
			);
			runOnlyForDeploymentPostprocessing = 0;
		};
		30A088DB24AB129000315264 /* Frameworks */ = {
			isa = PBXFrameworksBuildPhase;
			buildActionMask = 2147483647;
			files = (
			);
			runOnlyForDeploymentPostprocessing = 0;
		};
		30A088E324AB129000315264 /* Frameworks */ = {
			isa = PBXFrameworksBuildPhase;
			buildActionMask = 2147483647;
			files = (
			);
			runOnlyForDeploymentPostprocessing = 0;
		};
		30A088EE24AB129000315264 /* Frameworks */ = {
			isa = PBXFrameworksBuildPhase;
			buildActionMask = 2147483647;
			files = (
			);
			runOnlyForDeploymentPostprocessing = 0;
		};
/* End PBXFrameworksBuildPhase section */

/* Begin PBXGroup section */
		30A088C924AB128E00315264 = {
			isa = PBXGroup;
			children = (
				30A088CE24AB128E00315264 /* Shared */,
				30A088D824AB129000315264 /* iOS */,
				30A088DF24AB129000315264 /* macOS */,
				30A088E924AB129000315264 /* Tests iOS */,
				30A088F424AB129000315264 /* Tests macOS */,
				30A088D724AB129000315264 /* Products */,
			);
			sourceTree = "<group>";
		};
		30A088CE24AB128E00315264 /* Shared */ = {
			isa = PBXGroup;
			children = (
				30A088CF24AB128E00315264 /* iOS14App.swift */,
				30C6613F24AB828E00D0030F /* SealList.swift */,
				30C6614224AC146E00D0030F /* SealGrid.swift */,
				30C6614524AC609900D0030F /* WWDCOutlineList.swift */,
				30A088D024AB128E00315264 /* ContentView.swift */,
				3070FCBB24AB226100A29DE7 /* SideBarView.swift */,
				30A088D124AB128F00315264 /* Assets.xcassets */,
			);
			path = Shared;
			sourceTree = "<group>";
		};
		30A088D724AB129000315264 /* Products */ = {
			isa = PBXGroup;
			children = (
				30A088D624AB129000315264 /* iOS14.app */,
				30A088DE24AB129000315264 /* iOS14.app */,
				30A088E624AB129000315264 /* Tests iOS.xctest */,
				30A088F124AB129000315264 /* Tests macOS.xctest */,
			);
			name = Products;
			sourceTree = "<group>";
		};
		30A088D824AB129000315264 /* iOS */ = {
			isa = PBXGroup;
			children = (
				30A088D924AB129000315264 /* Info.plist */,
			);
			path = iOS;
			sourceTree = "<group>";
		};
		30A088DF24AB129000315264 /* macOS */ = {
			isa = PBXGroup;
			children = (
				30A088E024AB129000315264 /* Info.plist */,
				30A088E124AB129000315264 /* macOS.entitlements */,
			);
			path = macOS;
			sourceTree = "<group>";
		};
		30A088E924AB129000315264 /* Tests iOS */ = {
			isa = PBXGroup;
			children = (
				30A088EA24AB129000315264 /* Tests_iOS.swift */,
				30A088EC24AB129000315264 /* Info.plist */,
			);
			path = "Tests iOS";
			sourceTree = "<group>";
		};
		30A088F424AB129000315264 /* Tests macOS */ = {
			isa = PBXGroup;
			children = (
				30A088F524AB129000315264 /* Tests_macOS.swift */,
				30A088F724AB129000315264 /* Info.plist */,
			);
			path = "Tests macOS";
			sourceTree = "<group>";
		};
/* End PBXGroup section */

/* Begin PBXNativeTarget section */
		30A088D524AB129000315264 /* iOS */ = {
			isa = PBXNativeTarget;
			buildConfigurationList = 30A0890024AB129000315264 /* Build configuration list for PBXNativeTarget "iOS" */;
			buildPhases = (
				30A088D224AB129000315264 /* Sources */,
				30A088D324AB129000315264 /* Frameworks */,
				30A088D424AB129000315264 /* Resources */,
			);
			buildRules = (
			);
			dependencies = (
			);
			name = iOS;
			productName = iOS;
			productReference = 30A088D624AB129000315264 /* iOS14.app */;
			productType = "com.apple.product-type.application";
		};
		30A088DD24AB129000315264 /* macOS */ = {
			isa = PBXNativeTarget;
			buildConfigurationList = 30A0890324AB129000315264 /* Build configuration list for PBXNativeTarget "macOS" */;
			buildPhases = (
				30A088DA24AB129000315264 /* Sources */,
				30A088DB24AB129000315264 /* Frameworks */,
				30A088DC24AB129000315264 /* Resources */,
			);
			buildRules = (
			);
			dependencies = (
			);
			name = macOS;
			productName = macOS;
			productReference = 30A088DE24AB129000315264 /* iOS14.app */;
			productType = "com.apple.product-type.application";
		};
		30A088E524AB129000315264 /* Tests iOS */ = {
			isa = PBXNativeTarget;
			buildConfigurationList = 30A0890624AB129000315264 /* Build configuration list for PBXNativeTarget "Tests iOS" */;
			buildPhases = (
				30A088E224AB129000315264 /* Sources */,
				30A088E324AB129000315264 /* Frameworks */,
				30A088E424AB129000315264 /* Resources */,
			);
			buildRules = (
			);
			dependencies = (
				30A088E824AB129000315264 /* PBXTargetDependency */,
			);
			name = "Tests iOS";
			productName = "Tests iOS";
			productReference = 30A088E624AB129000315264 /* Tests iOS.xctest */;
			productType = "com.apple.product-type.bundle.ui-testing";
		};
		30A088F024AB129000315264 /* Tests macOS */ = {
			isa = PBXNativeTarget;
			buildConfigurationList = 30A0890924AB129000315264 /* Build configuration list for PBXNativeTarget "Tests macOS" */;
			buildPhases = (
				30A088ED24AB129000315264 /* Sources */,
				30A088EE24AB129000315264 /* Frameworks */,
				30A088EF24AB129000315264 /* Resources */,
			);
			buildRules = (
			);
			dependencies = (
				30A088F324AB129000315264 /* PBXTargetDependency */,
			);
			name = "Tests macOS";
			productName = "Tests macOS";
			productReference = 30A088F124AB129000315264 /* Tests macOS.xctest */;
			productType = "com.apple.product-type.bundle.ui-testing";
		};
/* End PBXNativeTarget section */

/* Begin PBXProject section */
		30A088CA24AB128E00315264 /* Project object */ = {
			isa = PBXProject;
			attributes = {
				LastSwiftUpdateCheck = 1200;
				LastUpgradeCheck = 1200;
				TargetAttributes = {
					30A088D524AB129000315264 = {
						CreatedOnToolsVersion = 12.0;
					};
					30A088DD24AB129000315264 = {
						CreatedOnToolsVersion = 12.0;
					};
					30A088E524AB129000315264 = {
						CreatedOnToolsVersion = 12.0;
						TestTargetID = 30A088D524AB129000315264;
					};
					30A088F024AB129000315264 = {
						CreatedOnToolsVersion = 12.0;
						TestTargetID = 30A088DD24AB129000315264;
					};
				};
			};
			buildConfigurationList = 30A088CD24AB128E00315264 /* Build configuration list for PBXProject "iOS14" */;
			compatibilityVersion = "Xcode 9.3";
			developmentRegion = en;
			hasScannedForEncodings = 0;
			knownRegions = (
				en,
				Base,
			);
			mainGroup = 30A088C924AB128E00315264;
			productRefGroup = 30A088D724AB129000315264 /* Products */;
			projectDirPath = "";
			projectRoot = "";
			targets = (
				30A088D524AB129000315264 /* iOS */,
				30A088DD24AB129000315264 /* macOS */,
				30A088E524AB129000315264 /* Tests iOS */,
				30A088F024AB129000315264 /* Tests macOS */,
			);
		};
/* End PBXProject section */

/* Begin PBXResourcesBuildPhase section */
		30A088D424AB129000315264 /* Resources */ = {
			isa = PBXResourcesBuildPhase;
			buildActionMask = 2147483647;
			files = (
				30A088FC24AB129000315264 /* Assets.xcassets in Resources */,
			);
			runOnlyForDeploymentPostprocessing = 0;
		};
		30A088DC24AB129000315264 /* Resources */ = {
			isa = PBXResourcesBuildPhase;
			buildActionMask = 2147483647;
			files = (
				30A088FD24AB129000315264 /* Assets.xcassets in Resources */,
			);
			runOnlyForDeploymentPostprocessing = 0;
		};
		30A088E424AB129000315264 /* Resources */ = {
			isa = PBXResourcesBuildPhase;
			buildActionMask = 2147483647;
			files = (
			);
			runOnlyForDeploymentPostprocessing = 0;
		};
		30A088EF24AB129000315264 /* Resources */ = {
			isa = PBXResourcesBuildPhase;
			buildActionMask = 2147483647;
			files = (
			);
			runOnlyForDeploymentPostprocessing = 0;
		};
/* End PBXResourcesBuildPhase section */

/* Begin PBXSourcesBuildPhase section */
		30A088D224AB129000315264 /* Sources */ = {
			isa = PBXSourcesBuildPhase;
			buildActionMask = 2147483647;
			files = (
				30C6614324AC146E00D0030F /* SealGrid.swift in Sources */,
				3070FCBC24AB226100A29DE7 /* SideBarView.swift in Sources */,
				30A088FA24AB129000315264 /* ContentView.swift in Sources */,
				30C6614024AB828E00D0030F /* SealList.swift in Sources */,
				30A088F824AB129000315264 /* iOS14App.swift in Sources */,
				30C6614624AC609900D0030F /* WWDCOutlineList.swift in Sources */,
			);
			runOnlyForDeploymentPostprocessing = 0;
		};
		30A088DA24AB129000315264 /* Sources */ = {
			isa = PBXSourcesBuildPhase;
			buildActionMask = 2147483647;
			files = (
				30C6614424AC146E00D0030F /* SealGrid.swift in Sources */,
				3070FCBD24AB226100A29DE7 /* SideBarView.swift in Sources */,
				30A088FB24AB129000315264 /* ContentView.swift in Sources */,
				30C6614124AB828E00D0030F /* SealList.swift in Sources */,
				30A088F924AB129000315264 /* iOS14App.swift in Sources */,
				30C6614724AC609900D0030F /* WWDCOutlineList.swift in Sources */,
			);
			runOnlyForDeploymentPostprocessing = 0;
		};
		30A088E224AB129000315264 /* Sources */ = {
			isa = PBXSourcesBuildPhase;
			buildActionMask = 2147483647;
			files = (
				30A088EB24AB129000315264 /* Tests_iOS.swift in Sources */,
			);
			runOnlyForDeploymentPostprocessing = 0;
		};
		30A088ED24AB129000315264 /* Sources */ = {
			isa = PBXSourcesBuildPhase;
			buildActionMask = 2147483647;
			files = (
				30A088F624AB129000315264 /* Tests_macOS.swift in Sources */,
			);
			runOnlyForDeploymentPostprocessing = 0;
		};
/* End PBXSourcesBuildPhase section */

/* Begin PBXTargetDependency section */
		30A088E824AB129000315264 /* PBXTargetDependency */ = {
			isa = PBXTargetDependency;
			target = 30A088D524AB129000315264 /* iOS */;
			targetProxy = 30A088E724AB129000315264 /* PBXContainerItemProxy */;
		};
		30A088F324AB129000315264 /* PBXTargetDependency */ = {
			isa = PBXTargetDependency;
			target = 30A088DD24AB129000315264 /* macOS */;
			targetProxy = 30A088F224AB129000315264 /* PBXContainerItemProxy */;
		};
/* End PBXTargetDependency section */

/* Begin XCBuildConfiguration section */
		30A088FE24AB129000315264 /* Debug */ = {
			isa = XCBuildConfiguration;
			buildSettings = {
				ALWAYS_SEARCH_USER_PATHS = NO;
				CLANG_ANALYZER_NONNULL = YES;
				CLANG_ANALYZER_NUMBER_OBJECT_CONVERSION = YES_AGGRESSIVE;
				CLANG_CXX_LANGUAGE_STANDARD = "gnu++14";
				CLANG_CXX_LIBRARY = "libc++";
				CLANG_ENABLE_MODULES = YES;
				CLANG_ENABLE_OBJC_ARC = YES;
				CLANG_ENABLE_OBJC_WEAK = YES;
				CLANG_WARN_BLOCK_CAPTURE_AUTORELEASING = YES;
				CLANG_WARN_BOOL_CONVERSION = YES;
				CLANG_WARN_COMMA = YES;
				CLANG_WARN_CONSTANT_CONVERSION = YES;
				CLANG_WARN_DEPRECATED_OBJC_IMPLEMENTATIONS = YES;
				CLANG_WARN_DIRECT_OBJC_ISA_USAGE = YES_ERROR;
				CLANG_WARN_DOCUMENTATION_COMMENTS = YES;
				CLANG_WARN_EMPTY_BODY = YES;
				CLANG_WARN_ENUM_CONVERSION = YES;
				CLANG_WARN_INFINITE_RECURSION = YES;
				CLANG_WARN_INT_CONVERSION = YES;
				CLANG_WARN_NON_LITERAL_NULL_CONVERSION = YES;
				CLANG_WARN_OBJC_IMPLICIT_RETAIN_SELF = YES;
				CLANG_WARN_OBJC_LITERAL_CONVERSION = YES;
				CLANG_WARN_OBJC_ROOT_CLASS = YES_ERROR;
				CLANG_WARN_QUOTED_INCLUDE_IN_FRAMEWORK_HEADER = YES;
				CLANG_WARN_RANGE_LOOP_ANALYSIS = YES;
				CLANG_WARN_STRICT_PROTOTYPES = YES;
				CLANG_WARN_SUSPICIOUS_MOVE = YES;
				CLANG_WARN_UNGUARDED_AVAILABILITY = YES_AGGRESSIVE;
				CLANG_WARN_UNREACHABLE_CODE = YES;
				CLANG_WARN__DUPLICATE_METHOD_MATCH = YES;
				COPY_PHASE_STRIP = NO;
				DEBUG_INFORMATION_FORMAT = dwarf;
				ENABLE_STRICT_OBJC_MSGSEND = YES;
				ENABLE_TESTABILITY = YES;
				GCC_C_LANGUAGE_STANDARD = gnu11;
				GCC_DYNAMIC_NO_PIC = NO;
				GCC_NO_COMMON_BLOCKS = YES;
				GCC_OPTIMIZATION_LEVEL = 0;
				GCC_PREPROCESSOR_DEFINITIONS = (
					"DEBUG=1",
					"$(inherited)",
				);
				GCC_WARN_64_TO_32_BIT_CONVERSION = YES;
				GCC_WARN_ABOUT_RETURN_TYPE = YES_ERROR;
				GCC_WARN_UNDECLARED_SELECTOR = YES;
				GCC_WARN_UNINITIALIZED_AUTOS = YES_AGGRESSIVE;
				GCC_WARN_UNUSED_FUNCTION = YES;
				GCC_WARN_UNUSED_VARIABLE = YES;
				MTL_ENABLE_DEBUG_INFO = INCLUDE_SOURCE;
				MTL_FAST_MATH = YES;
				ONLY_ACTIVE_ARCH = YES;
				SWIFT_ACTIVE_COMPILATION_CONDITIONS = DEBUG;
				SWIFT_OPTIMIZATION_LEVEL = "-Onone";
			};
			name = Debug;
		};
		30A088FF24AB129000315264 /* Release */ = {
			isa = XCBuildConfiguration;
			buildSettings = {
				ALWAYS_SEARCH_USER_PATHS = NO;
				CLANG_ANALYZER_NONNULL = YES;
				CLANG_ANALYZER_NUMBER_OBJECT_CONVERSION = YES_AGGRESSIVE;
				CLANG_CXX_LANGUAGE_STANDARD = "gnu++14";
				CLANG_CXX_LIBRARY = "libc++";
				CLANG_ENABLE_MODULES = YES;
				CLANG_ENABLE_OBJC_ARC = YES;
				CLANG_ENABLE_OBJC_WEAK = YES;
				CLANG_WARN_BLOCK_CAPTURE_AUTORELEASING = YES;
				CLANG_WARN_BOOL_CONVERSION = YES;
				CLANG_WARN_COMMA = YES;
				CLANG_WARN_CONSTANT_CONVERSION = YES;
				CLANG_WARN_DEPRECATED_OBJC_IMPLEMENTATIONS = YES;
				CLANG_WARN_DIRECT_OBJC_ISA_USAGE = YES_ERROR;
				CLANG_WARN_DOCUMENTATION_COMMENTS = YES;
				CLANG_WARN_EMPTY_BODY = YES;
				CLANG_WARN_ENUM_CONVERSION = YES;
				CLANG_WARN_INFINITE_RECURSION = YES;
				CLANG_WARN_INT_CONVERSION = YES;
				CLANG_WARN_NON_LITERAL_NULL_CONVERSION = YES;
				CLANG_WARN_OBJC_IMPLICIT_RETAIN_SELF = YES;
				CLANG_WARN_OBJC_LITERAL_CONVERSION = YES;
				CLANG_WARN_OBJC_ROOT_CLASS = YES_ERROR;
				CLANG_WARN_QUOTED_INCLUDE_IN_FRAMEWORK_HEADER = YES;
				CLANG_WARN_RANGE_LOOP_ANALYSIS = YES;
				CLANG_WARN_STRICT_PROTOTYPES = YES;
				CLANG_WARN_SUSPICIOUS_MOVE = YES;
				CLANG_WARN_UNGUARDED_AVAILABILITY = YES_AGGRESSIVE;
				CLANG_WARN_UNREACHABLE_CODE = YES;
				CLANG_WARN__DUPLICATE_METHOD_MATCH = YES;
				COPY_PHASE_STRIP = NO;
				DEBUG_INFORMATION_FORMAT = "dwarf-with-dsym";
				ENABLE_NS_ASSERTIONS = NO;
				ENABLE_STRICT_OBJC_MSGSEND = YES;
				GCC_C_LANGUAGE_STANDARD = gnu11;
				GCC_NO_COMMON_BLOCKS = YES;
				GCC_WARN_64_TO_32_BIT_CONVERSION = YES;
				GCC_WARN_ABOUT_RETURN_TYPE = YES_ERROR;
				GCC_WARN_UNDECLARED_SELECTOR = YES;
				GCC_WARN_UNINITIALIZED_AUTOS = YES_AGGRESSIVE;
				GCC_WARN_UNUSED_FUNCTION = YES;
				GCC_WARN_UNUSED_VARIABLE = YES;
				MTL_ENABLE_DEBUG_INFO = NO;
				MTL_FAST_MATH = YES;
				SWIFT_COMPILATION_MODE = wholemodule;
				SWIFT_OPTIMIZATION_LEVEL = "-O";
			};
			name = Release;
		};
		30A0890124AB129000315264 /* Debug */ = {
			isa = XCBuildConfiguration;
			buildSettings = {
				ASSETCATALOG_COMPILER_APPICON_NAME = AppIcon;
				ASSETCATALOG_COMPILER_GLOBAL_ACCENT_COLOR_NAME = AccentColor;
				CODE_SIGN_STYLE = Automatic;
				DEVELOPMENT_TEAM = WNEUDLL4LF;
				ENABLE_PREVIEWS = YES;
				INFOPLIST_FILE = iOS/Info.plist;
				IPHONEOS_DEPLOYMENT_TARGET = 14.0;
				LD_RUNPATH_SEARCH_PATHS = (
					"$(inherited)",
					"@executable_path/Frameworks",
				);
				PRODUCT_BUNDLE_IDENTIFIER = "com.Personal-Factory.iOS14";
				PRODUCT_NAME = iOS14;
				SDKROOT = iphoneos;
				SWIFT_VERSION = 5.0;
				TARGETED_DEVICE_FAMILY = "1,2";
			};
			name = Debug;
		};
		30A0890224AB129000315264 /* Release */ = {
			isa = XCBuildConfiguration;
			buildSettings = {
				ASSETCATALOG_COMPILER_APPICON_NAME = AppIcon;
				ASSETCATALOG_COMPILER_GLOBAL_ACCENT_COLOR_NAME = AccentColor;
				CODE_SIGN_STYLE = Automatic;
				DEVELOPMENT_TEAM = WNEUDLL4LF;
				ENABLE_PREVIEWS = YES;
				INFOPLIST_FILE = iOS/Info.plist;
				IPHONEOS_DEPLOYMENT_TARGET = 14.0;
				LD_RUNPATH_SEARCH_PATHS = (
					"$(inherited)",
					"@executable_path/Frameworks",
				);
				PRODUCT_BUNDLE_IDENTIFIER = "com.Personal-Factory.iOS14";
				PRODUCT_NAME = iOS14;
				SDKROOT = iphoneos;
				SWIFT_VERSION = 5.0;
				TARGETED_DEVICE_FAMILY = "1,2";
				VALIDATE_PRODUCT = YES;
			};
			name = Release;
		};
		30A0890424AB129000315264 /* Debug */ = {
			isa = XCBuildConfiguration;
			buildSettings = {
				ASSETCATALOG_COMPILER_APPICON_NAME = AppIcon;
				ASSETCATALOG_COMPILER_GLOBAL_ACCENT_COLOR_NAME = AccentColor;
				CODE_SIGN_ENTITLEMENTS = macOS/macOS.entitlements;
				CODE_SIGN_STYLE = Automatic;
				COMBINE_HIDPI_IMAGES = YES;
				DEVELOPMENT_TEAM = WNEUDLL4LF;
				ENABLE_HARDENED_RUNTIME = YES;
				ENABLE_PREVIEWS = YES;
				INFOPLIST_FILE = macOS/Info.plist;
				LD_RUNPATH_SEARCH_PATHS = (
					"$(inherited)",
					"@executable_path/../Frameworks",
				);
				MACOSX_DEPLOYMENT_TARGET = 10.16;
				PRODUCT_BUNDLE_IDENTIFIER = "com.Personal-Factory.iOS14";
				PRODUCT_NAME = iOS14;
				SDKROOT = macosx;
				SWIFT_VERSION = 5.0;
			};
			name = Debug;
		};
		30A0890524AB129000315264 /* Release */ = {
			isa = XCBuildConfiguration;
			buildSettings = {
				ASSETCATALOG_COMPILER_APPICON_NAME = AppIcon;
				ASSETCATALOG_COMPILER_GLOBAL_ACCENT_COLOR_NAME = AccentColor;
				CODE_SIGN_ENTITLEMENTS = macOS/macOS.entitlements;
				CODE_SIGN_STYLE = Automatic;
				COMBINE_HIDPI_IMAGES = YES;
				DEVELOPMENT_TEAM = WNEUDLL4LF;
				ENABLE_HARDENED_RUNTIME = YES;
				ENABLE_PREVIEWS = YES;
				INFOPLIST_FILE = macOS/Info.plist;
				LD_RUNPATH_SEARCH_PATHS = (
					"$(inherited)",
					"@executable_path/../Frameworks",
				);
				MACOSX_DEPLOYMENT_TARGET = 10.16;
				PRODUCT_BUNDLE_IDENTIFIER = "com.Personal-Factory.iOS14";
				PRODUCT_NAME = iOS14;
				SDKROOT = macosx;
				SWIFT_VERSION = 5.0;
			};
			name = Release;
		};
		30A0890724AB129000315264 /* Debug */ = {
			isa = XCBuildConfiguration;
			buildSettings = {
				ALWAYS_EMBED_SWIFT_STANDARD_LIBRARIES = YES;
				CODE_SIGN_STYLE = Automatic;
				DEVELOPMENT_TEAM = WNEUDLL4LF;
				INFOPLIST_FILE = "Tests iOS/Info.plist";
				IPHONEOS_DEPLOYMENT_TARGET = 14.0;
				LD_RUNPATH_SEARCH_PATHS = (
					"$(inherited)",
					"@executable_path/Frameworks",
					"@loader_path/Frameworks",
				);
				PRODUCT_BUNDLE_IDENTIFIER = "com.Personal-Factory.Tests-iOS";
				PRODUCT_NAME = "$(TARGET_NAME)";
				SDKROOT = iphoneos;
				SWIFT_VERSION = 5.0;
				TARGETED_DEVICE_FAMILY = "1,2";
				TEST_TARGET_NAME = iOS;
			};
			name = Debug;
		};
		30A0890824AB129000315264 /* Release */ = {
			isa = XCBuildConfiguration;
			buildSettings = {
				ALWAYS_EMBED_SWIFT_STANDARD_LIBRARIES = YES;
				CODE_SIGN_STYLE = Automatic;
				DEVELOPMENT_TEAM = WNEUDLL4LF;
				INFOPLIST_FILE = "Tests iOS/Info.plist";
				IPHONEOS_DEPLOYMENT_TARGET = 14.0;
				LD_RUNPATH_SEARCH_PATHS = (
					"$(inherited)",
					"@executable_path/Frameworks",
					"@loader_path/Frameworks",
				);
				PRODUCT_BUNDLE_IDENTIFIER = "com.Personal-Factory.Tests-iOS";
				PRODUCT_NAME = "$(TARGET_NAME)";
				SDKROOT = iphoneos;
				SWIFT_VERSION = 5.0;
				TARGETED_DEVICE_FAMILY = "1,2";
				TEST_TARGET_NAME = iOS;
				VALIDATE_PRODUCT = YES;
			};
			name = Release;
		};
		30A0890A24AB129000315264 /* Debug */ = {
			isa = XCBuildConfiguration;
			buildSettings = {
				ALWAYS_EMBED_SWIFT_STANDARD_LIBRARIES = YES;
				CODE_SIGN_STYLE = Automatic;
				COMBINE_HIDPI_IMAGES = YES;
				DEVELOPMENT_TEAM = WNEUDLL4LF;
				INFOPLIST_FILE = "Tests macOS/Info.plist";
				LD_RUNPATH_SEARCH_PATHS = (
					"$(inherited)",
					"@executable_path/../Frameworks",
					"@loader_path/../Frameworks",
				);
				MACOSX_DEPLOYMENT_TARGET = 10.15;
				PRODUCT_BUNDLE_IDENTIFIER = "com.Personal-Factory.Tests-macOS";
				PRODUCT_NAME = "$(TARGET_NAME)";
				SDKROOT = macosx;
				SWIFT_VERSION = 5.0;
				TEST_TARGET_NAME = macOS;
			};
			name = Debug;
		};
		30A0890B24AB129000315264 /* Release */ = {
			isa = XCBuildConfiguration;
			buildSettings = {
				ALWAYS_EMBED_SWIFT_STANDARD_LIBRARIES = YES;
				CODE_SIGN_STYLE = Automatic;
				COMBINE_HIDPI_IMAGES = YES;
				DEVELOPMENT_TEAM = WNEUDLL4LF;
				INFOPLIST_FILE = "Tests macOS/Info.plist";
				LD_RUNPATH_SEARCH_PATHS = (
					"$(inherited)",
					"@executable_path/../Frameworks",
					"@loader_path/../Frameworks",
				);
				MACOSX_DEPLOYMENT_TARGET = 10.15;
				PRODUCT_BUNDLE_IDENTIFIER = "com.Personal-Factory.Tests-macOS";
				PRODUCT_NAME = "$(TARGET_NAME)";
				SDKROOT = macosx;
				SWIFT_VERSION = 5.0;
				TEST_TARGET_NAME = macOS;
			};
			name = Release;
		};
/* End XCBuildConfiguration section */

/* Begin XCConfigurationList section */
		30A088CD24AB128E00315264 /* Build configuration list for PBXProject "iOS14" */ = {
			isa = XCConfigurationList;
			buildConfigurations = (
				30A088FE24AB129000315264 /* Debug */,
				30A088FF24AB129000315264 /* Release */,
			);
			defaultConfigurationIsVisible = 0;
			defaultConfigurationName = Release;
		};
		30A0890024AB129000315264 /* Build configuration list for PBXNativeTarget "iOS" */ = {
			isa = XCConfigurationList;
			buildConfigurations = (
				30A0890124AB129000315264 /* Debug */,
				30A0890224AB129000315264 /* Release */,
			);
			defaultConfigurationIsVisible = 0;
			defaultConfigurationName = Release;
		};
		30A0890324AB129000315264 /* Build configuration list for PBXNativeTarget "macOS" */ = {
			isa = XCConfigurationList;
			buildConfigurations = (
				30A0890424AB129000315264 /* Debug */,
				30A0890524AB129000315264 /* Release */,
			);
			defaultConfigurationIsVisible = 0;
			defaultConfigurationName = Release;
		};
		30A0890624AB129000315264 /* Build configuration list for PBXNativeTarget "Tests iOS" */ = {
			isa = XCConfigurationList;
			buildConfigurations = (
				30A0890724AB129000315264 /* Debug */,
				30A0890824AB129000315264 /* Release */,
			);
			defaultConfigurationIsVisible = 0;
			defaultConfigurationName = Release;
		};
		30A0890924AB129000315264 /* Build configuration list for PBXNativeTarget "Tests macOS" */ = {
			isa = XCConfigurationList;
			buildConfigurations = (
				30A0890A24AB129000315264 /* Debug */,
				30A0890B24AB129000315264 /* Release */,
			);
			defaultConfigurationIsVisible = 0;
			defaultConfigurationName = Release;
		};
/* End XCConfigurationList section */
	};
	rootObject = 30A088CA24AB128E00315264 /* Project object */;
}
